{
  "name": "2-2-server-query",
  "version": "1.0.0",
  "lockfileVersion": 1,
  "requires": true,
  "dependencies": {
    "convert-csv-to-json": {
      "version": "1.0.0",
      "resolved": "https://registry.npmjs.org/convert-csv-to-json/-/convert-csv-to-json-1.0.0.tgz",
      "integrity": "sha512-I4RfEq1MvRzE4nZAeWkZV/vl3LG/+EPdGcPQk+lom51eG8v0qKTWTtYPBP+Vq311T1Nc+sEI1LuyC1pX7mFoIA=="
    }
  }
}
